
Microsoft Visual Studio Solution File, Format Version 12.00
# Visual Studio Version 18
VisualStudioVersion = 18.0.11222.15
MinimumVisualStudioVersion = 10.0.40219.1
Project("{FAE04EC0-301F-11D3-BF4B-00C04F79EFBC}") = "FriendsOfAward", "FriendsOfAward\FriendsOfAward.csproj", "{7594C543-3FA4-4991-9948-05B09A63CF8F}"
EndProject
Project("{FAE04EC0-301F-11D3-BF4B-00C04F79EFBC}") = "ClassLibrary", "ClassLibrary\ClassLibrary.csproj", "{32BB9982-34F4-4650-C65C-1A7412177E46}"
EndProject
Global
	GlobalSection(SolutionConfigurationPlatforms) = preSolution
		Debug|Any CPU = Debug|Any CPU
		Release|Any CPU = Release|Any CPU
	EndGlobalSection
	GlobalSection(ProjectConfigurationPlatforms) = postSolution
		{7594C543-3FA4-4991-9948-05B09A63CF8F}.Debug|Any CPU.ActiveCfg = Debug|Any CPU
		{7594C543-3FA4-4991-9948-05B09A63CF8F}.Debug|Any CPU.Build.0 = Debug|Any CPU
		{7594C543-3FA4-4991-9948-05B09A63CF8F}.Release|Any CPU.ActiveCfg = Release|Any CPU
		{7594C543-3FA4-4991-9948-05B09A63CF8F}.Release|Any CPU.Build.0 = Release|Any CPU
		{32BB9982-34F4-4650-C65C-1A7412177E46}.Debug|Any CPU.ActiveCfg = Debug|Any CPU
		{32BB9982-34F4-4650-C65C-1A7412177E46}.Debug|Any CPU.Build.0 = Debug|Any CPU
		{32BB9982-34F4-4650-C65C-1A7412177E46}.Release|Any CPU.ActiveCfg = Release|Any CPU
		{32BB9982-34F4-4650-C65C-1A7412177E46}.Release|Any CPU.Build.0 = Release|Any CPU
	EndGlobalSection
	GlobalSection(SolutionProperties) = preSolution
		HideSolutionNode = FALSE
	EndGlobalSection
	GlobalSection(ExtensibilityGlobals) = postSolution
		SolutionGuid = {58F594F4-319E-40DE-AE14-027E66812E06}
	EndGlobalSection
EndGlobal
